
Microsoft Visual Studio Solution File, Format Version 12.00
# Visual Studio Version 17
VisualStudioVersion = 17.6.33712.159
MinimumVisualStudioVersion = 10.0.40219.1
Project("{FAE04EC0-301F-11D3-BF4B-00C04F79EFBC}") = "JwtApp", "JwtApp\JwtApp.csproj", "{03368B26-C6A5-4B27-B3AC-FBBC9D69BF0D}"
EndProject
Global
	GlobalSection(SolutionConfigurationPlatforms) = preSolution
		Debug|Any CPU = Debug|Any CPU
		Release|Any CPU = Release|Any CPU
	EndGlobalSection
	GlobalSection(ProjectConfigurationPlatforms) = postSolution
		{03368B26-C6A5-4B27-B3AC-FBBC9D69BF0D}.Debug|Any CPU.ActiveCfg = Debug|Any CPU
		{03368B26-C6A5-4B27-B3AC-FBBC9D69BF0D}.Debug|Any CPU.Build.0 = Debug|Any CPU
		{03368B26-C6A5-4B27-B3AC-FBBC9D69BF0D}.Release|Any CPU.ActiveCfg = Release|Any CPU
		{03368B26-C6A5-4B27-B3AC-FBBC9D69BF0D}.Release|Any CPU.Build.0 = Release|Any CPU
	EndGlobalSection
	GlobalSection(SolutionProperties) = preSolution
		HideSolutionNode = FALSE
	EndGlobalSection
	GlobalSection(ExtensibilityGlobals) = postSolution
		SolutionGuid = {E7A402AB-B72D-42FA-A6B3-9449D8AAD4AB}
	EndGlobalSection
EndGlobal
